// !$*UTF8*$!
{
	archiveVersion = 1;
	classes = {
	};
	objectVersion = 50;
	objects = {

/* Begin PBXBuildFile section */
		9D9CB894261D4A1700785737 /* AppDelegate.swift in Sources */ = {isa = PBXBuildFile; fileRef = 9D9CB893261D4A1700785737 /* AppDelegate.swift */; };
		9D9CB896261D4A1700785737 /* SceneDelegate.swift in Sources */ = {isa = PBXBuildFile; fileRef = 9D9CB895261D4A1700785737 /* SceneDelegate.swift */; };
		9D9CB898261D4A1700785737 /* ViewController.swift in Sources */ = {isa = PBXBuildFile; fileRef = 9D9CB897261D4A1700785737 /* ViewController.swift */; };
		9D9CB89B261D4A1700785737 /* Main.storyboard in Resources */ = {isa = PBXBuildFile; fileRef = 9D9CB899261D4A1700785737 /* Main.storyboard */; };
		9D9CB89D261D4A1800785737 /* Assets.xcassets in Resources */ = {isa = PBXBuildFile; fileRef = 9D9CB89C261D4A1800785737 /* Assets.xcassets */; };
		9D9CB8A0261D4A1800785737 /* LaunchScreen.storyboard in Resources */ = {isa = PBXBuildFile; fileRef = 9D9CB89E261D4A1800785737 /* LaunchScreen.storyboard */; };
		9D9CB8AB261D4A1800785737 /* SwiftMVPDemoTests.swift in Sources */ = {isa = PBXBuildFile; fileRef = 9D9CB8AA261D4A1800785737 /* SwiftMVPDemoTests.swift */; };
		9D9CB8B6261D4A1800785737 /* SwiftMVPDemoUITests.swift in Sources */ = {isa = PBXBuildFile; fileRef = 9D9CB8B5261D4A1800785737 /* SwiftMVPDemoUITests.swift */; };
		9D9CB8C7261D4A3400785737 /* Presenter.swift in Sources */ = {isa = PBXBuildFile; fileRef = 9D9CB8C6261D4A3400785737 /* Presenter.swift */; };
		9D9CB8CC261D4B1A00785737 /* HTTPClient.swift in Sources */ = {isa = PBXBuildFile; fileRef = 9D9CB8CB261D4B1A00785737 /* HTTPClient.swift */; };
		9D9CB8D1261D4B4A00785737 /* HTTPClientProtocol.swift in Sources */ = {isa = PBXBuildFile; fileRef = 9D9CB8D0261D4B4A00785737 /* HTTPClientProtocol.swift */; };
		9D9CB8D7261D5B6F00785737 /* CachePresenter.swift in Sources */ = {isa = PBXBuildFile; fileRef = 9D9CB8D6261D5B6F00785737 /* CachePresenter.swift */; };
		9D9CB8DF261D5C2700785737 /* CacheModel.swift in Sources */ = {isa = PBXBuildFile; fileRef = 9D9CB8DE261D5C2700785737 /* CacheModel.swift */; };
		9D9CB8E4261D5C3300785737 /* CacheProtocol.swift in Sources */ = {isa = PBXBuildFile; fileRef = 9D9CB8E3261D5C3300785737 /* CacheProtocol.swift */; };
		9D9CB8E9261DA66900785737 /* CacheViewController.swift in Sources */ = {isa = PBXBuildFile; fileRef = 9D9CB8E8261DA66900785737 /* CacheViewController.swift */; };
/* End PBXBuildFile section */

/* Begin PBXContainerItemProxy section */
		9D9CB8A7261D4A1800785737 /* PBXContainerItemProxy */ = {
			isa = PBXContainerItemProxy;
			containerPortal = 9D9CB888261D4A1700785737 /* Project object */;
			proxyType = 1;
			remoteGlobalIDString = 9D9CB88F261D4A1700785737;
			remoteInfo = SwiftMVPDemo;
		};
		9D9CB8B2261D4A1800785737 /* PBXContainerItemProxy */ = {
			isa = PBXContainerItemProxy;
			containerPortal = 9D9CB888261D4A1700785737 /* Project object */;
			proxyType = 1;
			remoteGlobalIDString = 9D9CB88F261D4A1700785737;
			remoteInfo = SwiftMVPDemo;
		};
/* End PBXContainerItemProxy section */

/* Begin PBXFileReference section */
		9D9CB890261D4A1700785737 /* SwiftMVPDemo.app */ = {isa = PBXFileReference; explicitFileType = wrapper.application; includeInIndex = 0; path = SwiftMVPDemo.app; sourceTree = BUILT_PRODUCTS_DIR; };
		9D9CB893261D4A1700785737 /* AppDelegate.swift */ = {isa = PBXFileReference; lastKnownFileType = sourcecode.swift; path = AppDelegate.swift; sourceTree = "<group>"; };
		9D9CB895261D4A1700785737 /* SceneDelegate.swift */ = {isa = PBXFileReference; lastKnownFileType = sourcecode.swift; path = SceneDelegate.swift; sourceTree = "<group>"; };
		9D9CB897261D4A1700785737 /* ViewController.swift */ = {isa = PBXFileReference; lastKnownFileType = sourcecode.swift; path = ViewController.swift; sourceTree = "<group>"; };
		9D9CB89A261D4A1700785737 /* Base */ = {isa = PBXFileReference; lastKnownFileType = file.storyboard; name = Base; path = Base.lproj/Main.storyboard; sourceTree = "<group>"; };
		9D9CB89C261D4A1800785737 /* Assets.xcassets */ = {isa = PBXFileReference; lastKnownFileType = folder.assetcatalog; path = Assets.xcassets; sourceTree = "<group>"; };
		9D9CB89F261D4A1800785737 /* Base */ = {isa = PBXFileReference; lastKnownFileType = file.storyboard; name = Base; path = Base.lproj/LaunchScreen.storyboard; sourceTree = "<group>"; };
		9D9CB8A1261D4A1800785737 /* Info.plist */ = {isa = PBXFileReference; lastKnownFileType = text.plist.xml; path = Info.plist; sourceTree = "<group>"; };
		9D9CB8A6261D4A1800785737 /* SwiftMVPDemoTests.xctest */ = {isa = PBXFileReference; explicitFileType = wrapper.cfbundle; includeInIndex = 0; path = SwiftMVPDemoTests.xctest; sourceTree = BUILT_PRODUCTS_DIR; };
		9D9CB8AA261D4A1800785737 /* SwiftMVPDemoTests.swift */ = {isa = PBXFileReference; lastKnownFileType = sourcecode.swift; path = SwiftMVPDemoTests.swift; sourceTree = "<group>"; };
		9D9CB8AC261D4A1800785737 /* Info.plist */ = {isa = PBXFileReference; lastKnownFileType = text.plist.xml; path = Info.plist; sourceTree = "<group>"; };
		9D9CB8B1261D4A1800785737 /* SwiftMVPDemoUITests.xctest */ = {isa = PBXFileReference; explicitFileType = wrapper.cfbundle; includeInIndex = 0; path = SwiftMVPDemoUITests.xctest; sourceTree = BUILT_PRODUCTS_DIR; };
		9D9CB8B5261D4A1800785737 /* SwiftMVPDemoUITests.swift */ = {isa = PBXFileReference; lastKnownFileType = sourcecode.swift; path = SwiftMVPDemoUITests.swift; sourceTree = "<group>"; };
		9D9CB8B7261D4A1800785737 /* Info.plist */ = {isa = PBXFileReference; lastKnownFileType = text.plist.xml; path = Info.plist; sourceTree = "<group>"; };
		9D9CB8C6261D4A3400785737 /* Presenter.swift */ = {isa = PBXFileReference; lastKnownFileType = sourcecode.swift; path = Presenter.swift; sourceTree = "<group>"; };
		9D9CB8CB261D4B1A00785737 /* HTTPClient.swift */ = {isa = PBXFileReference; lastKnownFileType = sourcecode.swift; path = HTTPClient.swift; sourceTree = "<group>"; };
		9D9CB8D0261D4B4A00785737 /* HTTPClientProtocol.swift */ = {isa = PBXFileReference; lastKnownFileType = sourcecode.swift; path = HTTPClientProtocol.swift; sourceTree = "<group>"; };
		9D9CB8D6261D5B6F00785737 /* CachePresenter.swift */ = {isa = PBXFileReference; lastKnownFileType = sourcecode.swift; path = CachePresenter.swift; sourceTree = "<group>"; };
		9D9CB8DE261D5C2700785737 /* CacheModel.swift */ = {isa = PBXFileReference; lastKnownFileType = sourcecode.swift; path = CacheModel.swift; sourceTree = "<group>"; };
		9D9CB8E3261D5C3300785737 /* CacheProtocol.swift */ = {isa = PBXFileReference; lastKnownFileType = sourcecode.swift; path = CacheProtocol.swift; sourceTree = "<group>"; };
		9D9CB8E8261DA66900785737 /* CacheViewController.swift */ = {isa = PBXFileReference; lastKnownFileType = sourcecode.swift; path = CacheViewController.swift; sourceTree = "<group>"; };
/* End PBXFileReference section */

/* Begin PBXFrameworksBuildPhase section */
		9D9CB88D261D4A1700785737 /* Frameworks */ = {
			isa = PBXFrameworksBuildPhase;
			buildActionMask = 2147483647;
			files = (
			);
			runOnlyForDeploymentPostprocessing = 0;
		};
		9D9CB8A3261D4A1800785737 /* Frameworks */ = {
			isa = PBXFrameworksBuildPhase;
			buildActionMask = 2147483647;
			files = (
			);
			runOnlyForDeploymentPostprocessing = 0;
		};
		9D9CB8AE261D4A1800785737 /* Frameworks */ = {
			isa = PBXFrameworksBuildPhase;
			buildActionMask = 2147483647;
			files = (
			);
			runOnlyForDeploymentPostprocessing = 0;
		};
/* End PBXFrameworksBuildPhase section */

/* Begin PBXGroup section */
		9D9CB887261D4A1700785737 = {
			isa = PBXGroup;
			children = (
				9D9CB892261D4A1700785737 /* SwiftMVPDemo */,
				9D9CB8A9261D4A1800785737 /* SwiftMVPDemoTests */,
				9D9CB8B4261D4A1800785737 /* SwiftMVPDemoUITests */,
				9D9CB891261D4A1700785737 /* Products */,
			);
			sourceTree = "<group>";
		};
		9D9CB891261D4A1700785737 /* Products */ = {
			isa = PBXGroup;
			children = (
				9D9CB890261D4A1700785737 /* SwiftMVPDemo.app */,
				9D9CB8A6261D4A1800785737 /* SwiftMVPDemoTests.xctest */,
				9D9CB8B1261D4A1800785737 /* SwiftMVPDemoUITests.xctest */,
			);
			name = Products;
			sourceTree = "<group>";
		};
		9D9CB892261D4A1700785737 /* SwiftMVPDemo */ = {
			isa = PBXGroup;
			children = (
				9D9CB893261D4A1700785737 /* AppDelegate.swift */,
				9D9CB895261D4A1700785737 /* SceneDelegate.swift */,
				9D9CB897261D4A1700785737 /* ViewController.swift */,
				9D9CB8C6261D4A3400785737 /* Presenter.swift */,
				9D9CB8CB261D4B1A00785737 /* HTTPClient.swift */,
				9D9CB8D0261D4B4A00785737 /* HTTPClientProtocol.swift */,
				9D9CB8D5261D5B5C00785737 /* MVP */,
				9D9CB899261D4A1700785737 /* Main.storyboard */,
				9D9CB89C261D4A1800785737 /* Assets.xcassets */,
				9D9CB89E261D4A1800785737 /* LaunchScreen.storyboard */,
				9D9CB8A1261D4A1800785737 /* Info.plist */,
			);
			path = SwiftMVPDemo;
			sourceTree = "<group>";
		};
		9D9CB8A9261D4A1800785737 /* SwiftMVPDemoTests */ = {
			isa = PBXGroup;
			children = (
				9D9CB8AA261D4A1800785737 /* SwiftMVPDemoTests.swift */,
				9D9CB8AC261D4A1800785737 /* Info.plist */,
			);
			path = SwiftMVPDemoTests;
			sourceTree = "<group>";
		};
		9D9CB8B4261D4A1800785737 /* SwiftMVPDemoUITests */ = {
			isa = PBXGroup;
			children = (
				9D9CB8B5261D4A1800785737 /* SwiftMVPDemoUITests.swift */,
				9D9CB8B7261D4A1800785737 /* Info.plist */,
			);
			path = SwiftMVPDemoUITests;
			sourceTree = "<group>";
		};
		9D9CB8D5261D5B5C00785737 /* MVP */ = {
			isa = PBXGroup;
			children = (
				9D9CB8D6261D5B6F00785737 /* CachePresenter.swift */,
				9D9CB8DE261D5C2700785737 /* CacheModel.swift */,
				9D9CB8E3261D5C3300785737 /* CacheProtocol.swift */,
				9D9CB8E8261DA66900785737 /* CacheViewController.swift */,
			);
			path = MVP;
			sourceTree = "<group>";
		};
/* End PBXGroup section */

/* Begin PBXNativeTarget section */
		9D9CB88F261D4A1700785737 /* SwiftMVPDemo */ = {
			isa = PBXNativeTarget;
			buildConfigurationList = 9D9CB8BA261D4A1800785737 /* Build configuration list for PBXNativeTarget "SwiftMVPDemo" */;
			buildPhases = (
				9D9CB88C261D4A1700785737 /* Sources */,
				9D9CB88D261D4A1700785737 /* Frameworks */,
				9D9CB88E261D4A1700785737 /* Resources */,
			);
			buildRules = (
			);
			dependencies = (
			);
			name = SwiftMVPDemo;
			productName = SwiftMVPDemo;
			productReference = 9D9CB890261D4A1700785737 /* SwiftMVPDemo.app */;
			productType = "com.apple.product-type.application";
		};
		9D9CB8A5261D4A1800785737 /* SwiftMVPDemoTests */ = {
			isa = PBXNativeTarget;
			buildConfigurationList = 9D9CB8BD261D4A1800785737 /* Build configuration list for PBXNativeTarget "SwiftMVPDemoTests" */;
			buildPhases = (
				9D9CB8A2261D4A1800785737 /* Sources */,
				9D9CB8A3261D4A1800785737 /* Frameworks */,
				9D9CB8A4261D4A1800785737 /* Resources */,
			);
			buildRules = (
			);
			dependencies = (
				9D9CB8A8261D4A1800785737 /* PBXTargetDependency */,
			);
			name = SwiftMVPDemoTests;
			productName = SwiftMVPDemoTests;
			productReference = 9D9CB8A6261D4A1800785737 /* SwiftMVPDemoTests.xctest */;
			productType = "com.apple.product-type.bundle.unit-test";
		};
		9D9CB8B0261D4A1800785737 /* SwiftMVPDemoUITests */ = {
			isa = PBXNativeTarget;
			buildConfigurationList = 9D9CB8C0261D4A1800785737 /* Build configuration list for PBXNativeTarget "SwiftMVPDemoUITests" */;
			buildPhases = (
				9D9CB8AD261D4A1800785737 /* Sources */,
				9D9CB8AE261D4A1800785737 /* Frameworks */,
				9D9CB8AF261D4A1800785737 /* Resources */,
			);
			buildRules = (
			);
			dependencies = (
				9D9CB8B3261D4A1800785737 /* PBXTargetDependency */,
			);
			name = SwiftMVPDemoUITests;
			productName = SwiftMVPDemoUITests;
			productReference = 9D9CB8B1261D4A1800785737 /* SwiftMVPDemoUITests.xctest */;
			productType = "com.apple.product-type.bundle.ui-testing";
		};
/* End PBXNativeTarget section */

/* Begin PBXProject section */
		9D9CB888261D4A1700785737 /* Project object */ = {
			isa = PBXProject;
			attributes = {
				LastSwiftUpdateCheck = 1210;
				LastUpgradeCheck = 1210;
				TargetAttributes = {
					9D9CB88F261D4A1700785737 = {
						CreatedOnToolsVersion = 12.1;
					};
					9D9CB8A5261D4A1800785737 = {
						CreatedOnToolsVersion = 12.1;
						TestTargetID = 9D9CB88F261D4A1700785737;
					};
					9D9CB8B0261D4A1800785737 = {
						CreatedOnToolsVersion = 12.1;
						TestTargetID = 9D9CB88F261D4A1700785737;
					};
				};
			};
			buildConfigurationList = 9D9CB88B261D4A1700785737 /* Build configuration list for PBXProject "SwiftMVPDemo" */;
			compatibilityVersion = "Xcode 9.3";
			developmentRegion = en;
			hasScannedForEncodings = 0;
			knownRegions = (
				en,
				Base,
			);
			mainGroup = 9D9CB887261D4A1700785737;
			productRefGroup = 9D9CB891261D4A1700785737 /* Products */;
			projectDirPath = "";
			projectRoot = "";
			targets = (
				9D9CB88F261D4A1700785737 /* SwiftMVPDemo */,
				9D9CB8A5261D4A1800785737 /* SwiftMVPDemoTests */,
				9D9CB8B0261D4A1800785737 /* SwiftMVPDemoUITests */,
			);
		};
/* End PBXProject section */

/* Begin PBXResourcesBuildPhase section */
		9D9CB88E261D4A1700785737 /* Resources */ = {
			isa = PBXResourcesBuildPhase;
			buildActionMask = 2147483647;
			files = (
				9D9CB8A0261D4A1800785737 /* LaunchScreen.storyboard in Resources */,
				9D9CB89D261D4A1800785737 /* Assets.xcassets in Resources */,
				9D9CB89B261D4A1700785737 /* Main.storyboard in Resources */,
			);
			runOnlyForDeploymentPostprocessing = 0;
		};
		9D9CB8A4261D4A1800785737 /* Resources */ = {
			isa = PBXResourcesBuildPhase;
			buildActionMask = 2147483647;
			files = (
			);
			runOnlyForDeploymentPostprocessing = 0;
		};
		9D9CB8AF261D4A1800785737 /* Resources */ = {
			isa = PBXResourcesBuildPhase;
			buildActionMask = 2147483647;
			files = (
			);
			runOnlyForDeploymentPostprocessing = 0;
		};
/* End PBXResourcesBuildPhase section */

/* Begin PBXSourcesBuildPhase section */
		9D9CB88C261D4A1700785737 /* Sources */ = {
			isa = PBXSourcesBuildPhase;
			buildActionMask = 2147483647;
			files = (
				9D9CB8DF261D5C2700785737 /* CacheModel.swift in Sources */,
				9D9CB898261D4A1700785737 /* ViewController.swift in Sources */,
				9D9CB8CC261D4B1A00785737 /* HTTPClient.swift in Sources */,
				9D9CB8E9261DA66900785737 /* CacheViewController.swift in Sources */,
				9D9CB894261D4A1700785737 /* AppDelegate.swift in Sources */,
				9D9CB8C7261D4A3400785737 /* Presenter.swift in Sources */,
				9D9CB8D1261D4B4A00785737 /* HTTPClientProtocol.swift in Sources */,
				9D9CB8E4261D5C3300785737 /* CacheProtocol.swift in Sources */,
				9D9CB896261D4A1700785737 /* SceneDelegate.swift in Sources */,
				9D9CB8D7261D5B6F00785737 /* CachePresenter.swift in Sources */,
			);
			runOnlyForDeploymentPostprocessing = 0;
		};
		9D9CB8A2261D4A1800785737 /* Sources */ = {
			isa = PBXSourcesBuildPhase;
			buildActionMask = 2147483647;
			files = (
				9D9CB8AB261D4A1800785737 /* SwiftMVPDemoTests.swift in Sources */,
			);
			runOnlyForDeploymentPostprocessing = 0;
		};
		9D9CB8AD261D4A1800785737 /* Sources */ = {
			isa = PBXSourcesBuildPhase;
			buildActionMask = 2147483647;
			files = (
				9D9CB8B6261D4A1800785737 /* SwiftMVPDemoUITests.swift in Sources */,
			);
			runOnlyForDeploymentPostprocessing = 0;
		};
/* End PBXSourcesBuildPhase section */

/* Begin PBXTargetDependency section */
		9D9CB8A8261D4A1800785737 /* PBXTargetDependency */ = {
			isa = PBXTargetDependency;
			target = 9D9CB88F261D4A1700785737 /* SwiftMVPDemo */;
			targetProxy = 9D9CB8A7261D4A1800785737 /* PBXContainerItemProxy */;
		};
		9D9CB8B3261D4A1800785737 /* PBXTargetDependency */ = {
			isa = PBXTargetDependency;
			target = 9D9CB88F261D4A1700785737 /* SwiftMVPDemo */;
			targetProxy = 9D9CB8B2261D4A1800785737 /* PBXContainerItemProxy */;
		};
/* End PBXTargetDependency section */

/* Begin PBXVariantGroup section */
		9D9CB899261D4A1700785737 /* Main.storyboard */ = {
			isa = PBXVariantGroup;
			children = (
				9D9CB89A261D4A1700785737 /* Base */,
			);
			name = Main.storyboard;
			sourceTree = "<group>";
		};
		9D9CB89E261D4A1800785737 /* LaunchScreen.storyboard */ = {
			isa = PBXVariantGroup;
			children = (
				9D9CB89F261D4A1800785737 /* Base */,
			);
			name = LaunchScreen.storyboard;
			sourceTree = "<group>";
		};
/* End PBXVariantGroup section */

/* Begin XCBuildConfiguration section */
		9D9CB8B8261D4A1800785737 /* Debug */ = {
			isa = XCBuildConfiguration;
			buildSettings = {
				ALWAYS_SEARCH_USER_PATHS = NO;
				CLANG_ANALYZER_NONNULL = YES;
				CLANG_ANALYZER_NUMBER_OBJECT_CONVERSION = YES_AGGRESSIVE;
				CLANG_CXX_LANGUAGE_STANDARD = "gnu++14";
				CLANG_CXX_LIBRARY = "libc++";
				CLANG_ENABLE_MODULES = YES;
				CLANG_ENABLE_OBJC_ARC = YES;
				CLANG_ENABLE_OBJC_WEAK = YES;
				CLANG_WARN_BLOCK_CAPTURE_AUTORELEASING = YES;
				CLANG_WARN_BOOL_CONVERSION = YES;
				CLANG_WARN_COMMA = YES;
				CLANG_WARN_CONSTANT_CONVERSION = YES;
				CLANG_WARN_DEPRECATED_OBJC_IMPLEMENTATIONS = YES;
				CLANG_WARN_DIRECT_OBJC_ISA_USAGE = YES_ERROR;
				CLANG_WARN_DOCUMENTATION_COMMENTS = YES;
				CLANG_WARN_EMPTY_BODY = YES;
				CLANG_WARN_ENUM_CONVERSION = YES;
				CLANG_WARN_INFINITE_RECURSION = YES;
				CLANG_WARN_INT_CONVERSION = YES;
				CLANG_WARN_NON_LITERAL_NULL_CONVERSION = YES;
				CLANG_WARN_OBJC_IMPLICIT_RETAIN_SELF = YES;
				CLANG_WARN_OBJC_LITERAL_CONVERSION = YES;
				CLANG_WARN_OBJC_ROOT_CLASS = YES_ERROR;
				CLANG_WARN_QUOTED_INCLUDE_IN_FRAMEWORK_HEADER = YES;
				CLANG_WARN_RANGE_LOOP_ANALYSIS = YES;
				CLANG_WARN_STRICT_PROTOTYPES = YES;
				CLANG_WARN_SUSPICIOUS_MOVE = YES;
				CLANG_WARN_UNGUARDED_AVAILABILITY = YES_AGGRESSIVE;
				CLANG_WARN_UNREACHABLE_CODE = YES;
				CLANG_WARN__DUPLICATE_METHOD_MATCH = YES;
				COPY_PHASE_STRIP = NO;
				DEBUG_INFORMATION_FORMAT = dwarf;
				ENABLE_STRICT_OBJC_MSGSEND = YES;
				ENABLE_TESTABILITY = YES;
				GCC_C_LANGUAGE_STANDARD = gnu11;
				GCC_DYNAMIC_NO_PIC = NO;
				GCC_NO_COMMON_BLOCKS = YES;
				GCC_OPTIMIZATION_LEVEL = 0;
				GCC_PREPROCESSOR_DEFINITIONS = (
					"DEBUG=1",
					"$(inherited)",
				);
				GCC_WARN_64_TO_32_BIT_CONVERSION = YES;
				GCC_WARN_ABOUT_RETURN_TYPE = YES_ERROR;
				GCC_WARN_UNDECLARED_SELECTOR = YES;
				GCC_WARN_UNINITIALIZED_AUTOS = YES_AGGRESSIVE;
				GCC_WARN_UNUSED_FUNCTION = YES;
				GCC_WARN_UNUSED_VARIABLE = YES;
				IPHONEOS_DEPLOYMENT_TARGET = 14.1;
				MTL_ENABLE_DEBUG_INFO = INCLUDE_SOURCE;
				MTL_FAST_MATH = YES;
				ONLY_ACTIVE_ARCH = YES;
				SDKROOT = iphoneos;
				SWIFT_ACTIVE_COMPILATION_CONDITIONS = DEBUG;
				SWIFT_OPTIMIZATION_LEVEL = "-Onone";
			};
			name = Debug;
		};
		9D9CB8B9261D4A1800785737 /* Release */ = {
			isa = XCBuildConfiguration;
			buildSettings = {
				ALWAYS_SEARCH_USER_PATHS = NO;
				CLANG_ANALYZER_NONNULL = YES;
				CLANG_ANALYZER_NUMBER_OBJECT_CONVERSION = YES_AGGRESSIVE;
				CLANG_CXX_LANGUAGE_STANDARD = "gnu++14";
				CLANG_CXX_LIBRARY = "libc++";
				CLANG_ENABLE_MODULES = YES;
				CLANG_ENABLE_OBJC_ARC = YES;
				CLANG_ENABLE_OBJC_WEAK = YES;
				CLANG_WARN_BLOCK_CAPTURE_AUTORELEASING = YES;
				CLANG_WARN_BOOL_CONVERSION = YES;
				CLANG_WARN_COMMA = YES;
				CLANG_WARN_CONSTANT_CONVERSION = YES;
				CLANG_WARN_DEPRECATED_OBJC_IMPLEMENTATIONS = YES;
				CLANG_WARN_DIRECT_OBJC_ISA_USAGE = YES_ERROR;
				CLANG_WARN_DOCUMENTATION_COMMENTS = YES;
				CLANG_WARN_EMPTY_BODY = YES;
				CLANG_WARN_ENUM_CONVERSION = YES;
				CLANG_WARN_INFINITE_RECURSION = YES;
				CLANG_WARN_INT_CONVERSION = YES;
				CLANG_WARN_NON_LITERAL_NULL_CONVERSION = YES;
				CLANG_WARN_OBJC_IMPLICIT_RETAIN_SELF = YES;
				CLANG_WARN_OBJC_LITERAL_CONVERSION = YES;
				CLANG_WARN_OBJC_ROOT_CLASS = YES_ERROR;
				CLANG_WARN_QUOTED_INCLUDE_IN_FRAMEWORK_HEADER = YES;
				CLANG_WARN_RANGE_LOOP_ANALYSIS = YES;
				CLANG_WARN_STRICT_PROTOTYPES = YES;
				CLANG_WARN_SUSPICIOUS_MOVE = YES;
				CLANG_WARN_UNGUARDED_AVAILABILITY = YES_AGGRESSIVE;
				CLANG_WARN_UNREACHABLE_CODE = YES;
				CLANG_WARN__DUPLICATE_METHOD_MATCH = YES;
				COPY_PHASE_STRIP = NO;
				DEBUG_INFORMATION_FORMAT = "dwarf-with-dsym";
				ENABLE_NS_ASSERTIONS = NO;
				ENABLE_STRICT_OBJC_MSGSEND = YES;
				GCC_C_LANGUAGE_STANDARD = gnu11;
				GCC_NO_COMMON_BLOCKS = YES;
				GCC_WARN_64_TO_32_BIT_CONVERSION = YES;
				GCC_WARN_ABOUT_RETURN_TYPE = YES_ERROR;
				GCC_WARN_UNDECLARED_SELECTOR = YES;
				GCC_WARN_UNINITIALIZED_AUTOS = YES_AGGRESSIVE;
				GCC_WARN_UNUSED_FUNCTION = YES;
				GCC_WARN_UNUSED_VARIABLE = YES;
				IPHONEOS_DEPLOYMENT_TARGET = 14.1;
				MTL_ENABLE_DEBUG_INFO = NO;
				MTL_FAST_MATH = YES;
				SDKROOT = iphoneos;
				SWIFT_COMPILATION_MODE = wholemodule;
				SWIFT_OPTIMIZATION_LEVEL = "-O";
				VALIDATE_PRODUCT = YES;
			};
			name = Release;
		};
		9D9CB8BB261D4A1800785737 /* Debug */ = {
			isa = XCBuildConfiguration;
			buildSettings = {
				ASSETCATALOG_COMPILER_APPICON_NAME = AppIcon;
				ASSETCATALOG_COMPILER_GLOBAL_ACCENT_COLOR_NAME = AccentColor;
				CODE_SIGN_STYLE = Automatic;
				DEVELOPMENT_TEAM = 5823RW6H9P;
				INFOPLIST_FILE = SwiftMVPDemo/Info.plist;
				LD_RUNPATH_SEARCH_PATHS = (
					"$(inherited)",
					"@executable_path/Frameworks",
				);
				PRODUCT_BUNDLE_IDENTIFIER = EHI.SwiftMVPDemo;
				PRODUCT_NAME = "$(TARGET_NAME)";
				SWIFT_VERSION = 5.0;
				TARGETED_DEVICE_FAMILY = "1,2";
			};
			name = Debug;
		};
		9D9CB8BC261D4A1800785737 /* Release */ = {
			isa = XCBuildConfiguration;
			buildSettings = {
				ASSETCATALOG_COMPILER_APPICON_NAME = AppIcon;
				ASSETCATALOG_COMPILER_GLOBAL_ACCENT_COLOR_NAME = AccentColor;
				CODE_SIGN_STYLE = Automatic;
				DEVELOPMENT_TEAM = 5823RW6H9P;
				INFOPLIST_FILE = SwiftMVPDemo/Info.plist;
				LD_RUNPATH_SEARCH_PATHS = (
					"$(inherited)",
					"@executable_path/Frameworks",
				);
				PRODUCT_BUNDLE_IDENTIFIER = EHI.SwiftMVPDemo;
				PRODUCT_NAME = "$(TARGET_NAME)";
				SWIFT_VERSION = 5.0;
				TARGETED_DEVICE_FAMILY = "1,2";
			};
			name = Release;
		};
		9D9CB8BE261D4A1800785737 /* Debug */ = {
			isa = XCBuildConfiguration;
			buildSettings = {
				ALWAYS_EMBED_SWIFT_STANDARD_LIBRARIES = YES;
				BUNDLE_LOADER = "$(TEST_HOST)";
				CODE_SIGN_STYLE = Automatic;
				DEVELOPMENT_TEAM = 5823RW6H9P;
				INFOPLIST_FILE = SwiftMVPDemoTests/Info.plist;
				IPHONEOS_DEPLOYMENT_TARGET = 14.1;
				LD_RUNPATH_SEARCH_PATHS = (
					"$(inherited)",
					"@executable_path/Frameworks",
					"@loader_path/Frameworks",
				);
				PRODUCT_BUNDLE_IDENTIFIER = EHI.SwiftMVPDemoTests;
				PRODUCT_NAME = "$(TARGET_NAME)";
				SWIFT_VERSION = 5.0;
				TARGETED_DEVICE_FAMILY = "1,2";
				TEST_HOST = "$(BUILT_PRODUCTS_DIR)/SwiftMVPDemo.app/SwiftMVPDemo";
			};
			name = Debug;
		};
		9D9CB8BF261D4A1800785737 /* Release */ = {
			isa = XCBuildConfiguration;
			buildSettings = {
				ALWAYS_EMBED_SWIFT_STANDARD_LIBRARIES = YES;
				BUNDLE_LOADER = "$(TEST_HOST)";
				CODE_SIGN_STYLE = Automatic;
				DEVELOPMENT_TEAM = 5823RW6H9P;
				INFOPLIST_FILE = SwiftMVPDemoTests/Info.plist;
				IPHONEOS_DEPLOYMENT_TARGET = 14.1;
				LD_RUNPATH_SEARCH_PATHS = (
					"$(inherited)",
					"@executable_path/Frameworks",
					"@loader_path/Frameworks",
				);
				PRODUCT_BUNDLE_IDENTIFIER = EHI.SwiftMVPDemoTests;
				PRODUCT_NAME = "$(TARGET_NAME)";
				SWIFT_VERSION = 5.0;
				TARGETED_DEVICE_FAMILY = "1,2";
				TEST_HOST = "$(BUILT_PRODUCTS_DIR)/SwiftMVPDemo.app/SwiftMVPDemo";
			};
			name = Release;
		};
		9D9CB8C1261D4A1800785737 /* Debug */ = {
			isa = XCBuildConfiguration;
			buildSettings = {
				ALWAYS_EMBED_SWIFT_STANDARD_LIBRARIES = YES;
				CODE_SIGN_STYLE = Automatic;
				DEVELOPMENT_TEAM = 5823RW6H9P;
				INFOPLIST_FILE = SwiftMVPDemoUITests/Info.plist;
				LD_RUNPATH_SEARCH_PATHS = (
					"$(inherited)",
					"@executable_path/Frameworks",
					"@loader_path/Frameworks",
				);
				PRODUCT_BUNDLE_IDENTIFIER = EHI.SwiftMVPDemoUITests;
				PRODUCT_NAME = "$(TARGET_NAME)";
				SWIFT_VERSION = 5.0;
				TARGETED_DEVICE_FAMILY = "1,2";
				TEST_TARGET_NAME = SwiftMVPDemo;
			};
			name = Debug;
		};
		9D9CB8C2261D4A1800785737 /* Release */ = {
			isa = XCBuildConfiguration;
			buildSettings = {
				ALWAYS_EMBED_SWIFT_STANDARD_LIBRARIES = YES;
				CODE_SIGN_STYLE = Automatic;
				DEVELOPMENT_TEAM = 5823RW6H9P;
				INFOPLIST_FILE = SwiftMVPDemoUITests/Info.plist;
				LD_RUNPATH_SEARCH_PATHS = (
					"$(inherited)",
					"@executable_path/Frameworks",
					"@loader_path/Frameworks",
				);
				PRODUCT_BUNDLE_IDENTIFIER = EHI.SwiftMVPDemoUITests;
				PRODUCT_NAME = "$(TARGET_NAME)";
				SWIFT_VERSION = 5.0;
				TARGETED_DEVICE_FAMILY = "1,2";
				TEST_TARGET_NAME = SwiftMVPDemo;
			};
			name = Release;
		};
/* End XCBuildConfiguration section */

/* Begin XCConfigurationList section */
		9D9CB88B261D4A1700785737 /* Build configuration list for PBXProject "SwiftMVPDemo" */ = {
			isa = XCConfigurationList;
			buildConfigurations = (
				9D9CB8B8261D4A1800785737 /* Debug */,
				9D9CB8B9261D4A1800785737 /* Release */,
			);
			defaultConfigurationIsVisible = 0;
			defaultConfigurationName = Release;
		};
		9D9CB8BA261D4A1800785737 /* Build configuration list for PBXNativeTarget "SwiftMVPDemo" */ = {
			isa = XCConfigurationList;
			buildConfigurations = (
				9D9CB8BB261D4A1800785737 /* Debug */,
				9D9CB8BC261D4A1800785737 /* Release */,
			);
			defaultConfigurationIsVisible = 0;
			defaultConfigurationName = Release;
		};
		9D9CB8BD261D4A1800785737 /* Build configuration list for PBXNativeTarget "SwiftMVPDemoTests" */ = {
			isa = XCConfigurationList;
			buildConfigurations = (
				9D9CB8BE261D4A1800785737 /* Debug */,
				9D9CB8BF261D4A1800785737 /* Release */,
			);
			defaultConfigurationIsVisible = 0;
			defaultConfigurationName = Release;
		};
		9D9CB8C0261D4A1800785737 /* Build configuration list for PBXNativeTarget "SwiftMVPDemoUITests" */ = {
			isa = XCConfigurationList;
			buildConfigurations = (
				9D9CB8C1261D4A1800785737 /* Debug */,
				9D9CB8C2261D4A1800785737 /* Release */,
			);
			defaultConfigurationIsVisible = 0;
			defaultConfigurationName = Release;
		};
/* End XCConfigurationList section */
	};
	rootObject = 9D9CB888261D4A1700785737 /* Project object */;
}
