// !$*UTF8*$!
{
	archiveVersion = 1;
	classes = {
	};
	objectVersion = 50;
	objects = {

/* Begin PBXBuildFile section */
		9DE7AD58240EAD3B008C9858 /* AppDelegate.swift in Sources */ = {isa = PBXBuildFile; fileRef = 9DE7AD57240EAD3B008C9858 /* AppDelegate.swift */; };
		9DE7AD5A240EAD3B008C9858 /* SceneDelegate.swift in Sources */ = {isa = PBXBuildFile; fileRef = 9DE7AD59240EAD3B008C9858 /* SceneDelegate.swift */; };
		9DE7AD5C240EAD3B008C9858 /* ViewController.swift in Sources */ = {isa = PBXBuildFile; fileRef = 9DE7AD5B240EAD3B008C9858 /* ViewController.swift */; };
		9DE7AD5F240EAD3B008C9858 /* Main.storyboard in Resources */ = {isa = PBXBuildFile; fileRef = 9DE7AD5D240EAD3B008C9858 /* Main.storyboard */; };
		9DE7AD61240EAD3D008C9858 /* Assets.xcassets in Resources */ = {isa = PBXBuildFile; fileRef = 9DE7AD60240EAD3D008C9858 /* Assets.xcassets */; };
		9DE7AD64240EAD3D008C9858 /* LaunchScreen.storyboard in Resources */ = {isa = PBXBuildFile; fileRef = 9DE7AD62240EAD3D008C9858 /* LaunchScreen.storyboard */; };
		9DE7AD6F240EAD3D008C9858 /* DemoTestTests.swift in Sources */ = {isa = PBXBuildFile; fileRef = 9DE7AD6E240EAD3D008C9858 /* DemoTestTests.swift */; };
		9DE7AD7A240EAD3D008C9858 /* DemoTestUITests.swift in Sources */ = {isa = PBXBuildFile; fileRef = 9DE7AD79240EAD3D008C9858 /* DemoTestUITests.swift */; };
/* End PBXBuildFile section */

/* Begin PBXContainerItemProxy section */
		9DE7AD6B240EAD3D008C9858 /* PBXContainerItemProxy */ = {
			isa = PBXContainerItemProxy;
			containerPortal = 9DE7AD4C240EAD3B008C9858 /* Project object */;
			proxyType = 1;
			remoteGlobalIDString = 9DE7AD53240EAD3B008C9858;
			remoteInfo = DemoTest;
		};
		9DE7AD76240EAD3D008C9858 /* PBXContainerItemProxy */ = {
			isa = PBXContainerItemProxy;
			containerPortal = 9DE7AD4C240EAD3B008C9858 /* Project object */;
			proxyType = 1;
			remoteGlobalIDString = 9DE7AD53240EAD3B008C9858;
			remoteInfo = DemoTest;
		};
/* End PBXContainerItemProxy section */

/* Begin PBXFileReference section */
		9DE7AD54240EAD3B008C9858 /* DemoTest.app */ = {isa = PBXFileReference; explicitFileType = wrapper.application; includeInIndex = 0; path = DemoTest.app; sourceTree = BUILT_PRODUCTS_DIR; };
		9DE7AD57240EAD3B008C9858 /* AppDelegate.swift */ = {isa = PBXFileReference; lastKnownFileType = sourcecode.swift; path = AppDelegate.swift; sourceTree = "<group>"; };
		9DE7AD59240EAD3B008C9858 /* SceneDelegate.swift */ = {isa = PBXFileReference; lastKnownFileType = sourcecode.swift; path = SceneDelegate.swift; sourceTree = "<group>"; };
		9DE7AD5B240EAD3B008C9858 /* ViewController.swift */ = {isa = PBXFileReference; lastKnownFileType = sourcecode.swift; path = ViewController.swift; sourceTree = "<group>"; };
		9DE7AD5E240EAD3B008C9858 /* Base */ = {isa = PBXFileReference; lastKnownFileType = file.storyboard; name = Base; path = Base.lproj/Main.storyboard; sourceTree = "<group>"; };
		9DE7AD60240EAD3D008C9858 /* Assets.xcassets */ = {isa = PBXFileReference; lastKnownFileType = folder.assetcatalog; path = Assets.xcassets; sourceTree = "<group>"; };
		9DE7AD63240EAD3D008C9858 /* Base */ = {isa = PBXFileReference; lastKnownFileType = file.storyboard; name = Base; path = Base.lproj/LaunchScreen.storyboard; sourceTree = "<group>"; };
		9DE7AD65240EAD3D008C9858 /* Info.plist */ = {isa = PBXFileReference; lastKnownFileType = text.plist.xml; path = Info.plist; sourceTree = "<group>"; };
		9DE7AD6A240EAD3D008C9858 /* DemoTestTests.xctest */ = {isa = PBXFileReference; explicitFileType = wrapper.cfbundle; includeInIndex = 0; path = DemoTestTests.xctest; sourceTree = BUILT_PRODUCTS_DIR; };
		9DE7AD6E240EAD3D008C9858 /* DemoTestTests.swift */ = {isa = PBXFileReference; lastKnownFileType = sourcecode.swift; path = DemoTestTests.swift; sourceTree = "<group>"; };
		9DE7AD70240EAD3D008C9858 /* Info.plist */ = {isa = PBXFileReference; lastKnownFileType = text.plist.xml; path = Info.plist; sourceTree = "<group>"; };
		9DE7AD75240EAD3D008C9858 /* DemoTestUITests.xctest */ = {isa = PBXFileReference; explicitFileType = wrapper.cfbundle; includeInIndex = 0; path = DemoTestUITests.xctest; sourceTree = BUILT_PRODUCTS_DIR; };
		9DE7AD79240EAD3D008C9858 /* DemoTestUITests.swift */ = {isa = PBXFileReference; lastKnownFileType = sourcecode.swift; path = DemoTestUITests.swift; sourceTree = "<group>"; };
		9DE7AD7B240EAD3D008C9858 /* Info.plist */ = {isa = PBXFileReference; lastKnownFileType = text.plist.xml; path = Info.plist; sourceTree = "<group>"; };
/* End PBXFileReference section */

/* Begin PBXFrameworksBuildPhase section */
		9DE7AD51240EAD3B008C9858 /* Frameworks */ = {
			isa = PBXFrameworksBuildPhase;
			buildActionMask = 2147483647;
			files = (
			);
			runOnlyForDeploymentPostprocessing = 0;
		};
		9DE7AD67240EAD3D008C9858 /* Frameworks */ = {
			isa = PBXFrameworksBuildPhase;
			buildActionMask = 2147483647;
			files = (
			);
			runOnlyForDeploymentPostprocessing = 0;
		};
		9DE7AD72240EAD3D008C9858 /* Frameworks */ = {
			isa = PBXFrameworksBuildPhase;
			buildActionMask = 2147483647;
			files = (
			);
			runOnlyForDeploymentPostprocessing = 0;
		};
/* End PBXFrameworksBuildPhase section */

/* Begin PBXGroup section */
		9DE7AD4B240EAD3B008C9858 = {
			isa = PBXGroup;
			children = (
				9DE7AD56240EAD3B008C9858 /* DemoTest */,
				9DE7AD6D240EAD3D008C9858 /* DemoTestTests */,
				9DE7AD78240EAD3D008C9858 /* DemoTestUITests */,
				9DE7AD55240EAD3B008C9858 /* Products */,
			);
			sourceTree = "<group>";
		};
		9DE7AD55240EAD3B008C9858 /* Products */ = {
			isa = PBXGroup;
			children = (
				9DE7AD54240EAD3B008C9858 /* DemoTest.app */,
				9DE7AD6A240EAD3D008C9858 /* DemoTestTests.xctest */,
				9DE7AD75240EAD3D008C9858 /* DemoTestUITests.xctest */,
			);
			name = Products;
			sourceTree = "<group>";
		};
		9DE7AD56240EAD3B008C9858 /* DemoTest */ = {
			isa = PBXGroup;
			children = (
				9DE7AD57240EAD3B008C9858 /* AppDelegate.swift */,
				9DE7AD59240EAD3B008C9858 /* SceneDelegate.swift */,
				9DE7AD5B240EAD3B008C9858 /* ViewController.swift */,
				9DE7AD5D240EAD3B008C9858 /* Main.storyboard */,
				9DE7AD60240EAD3D008C9858 /* Assets.xcassets */,
				9DE7AD62240EAD3D008C9858 /* LaunchScreen.storyboard */,
				9DE7AD65240EAD3D008C9858 /* Info.plist */,
			);
			path = DemoTest;
			sourceTree = "<group>";
		};
		9DE7AD6D240EAD3D008C9858 /* DemoTestTests */ = {
			isa = PBXGroup;
			children = (
				9DE7AD6E240EAD3D008C9858 /* DemoTestTests.swift */,
				9DE7AD70240EAD3D008C9858 /* Info.plist */,
			);
			path = DemoTestTests;
			sourceTree = "<group>";
		};
		9DE7AD78240EAD3D008C9858 /* DemoTestUITests */ = {
			isa = PBXGroup;
			children = (
				9DE7AD79240EAD3D008C9858 /* DemoTestUITests.swift */,
				9DE7AD7B240EAD3D008C9858 /* Info.plist */,
			);
			path = DemoTestUITests;
			sourceTree = "<group>";
		};
/* End PBXGroup section */

/* Begin PBXNativeTarget section */
		9DE7AD53240EAD3B008C9858 /* DemoTest */ = {
			isa = PBXNativeTarget;
			buildConfigurationList = 9DE7AD7E240EAD3D008C9858 /* Build configuration list for PBXNativeTarget "DemoTest" */;
			buildPhases = (
				9DE7AD50240EAD3B008C9858 /* Sources */,
				9DE7AD51240EAD3B008C9858 /* Frameworks */,
				9DE7AD52240EAD3B008C9858 /* Resources */,
			);
			buildRules = (
			);
			dependencies = (
			);
			name = DemoTest;
			productName = DemoTest;
			productReference = 9DE7AD54240EAD3B008C9858 /* DemoTest.app */;
			productType = "com.apple.product-type.application";
		};
		9DE7AD69240EAD3D008C9858 /* DemoTestTests */ = {
			isa = PBXNativeTarget;
			buildConfigurationList = 9DE7AD81240EAD3D008C9858 /* Build configuration list for PBXNativeTarget "DemoTestTests" */;
			buildPhases = (
				9DE7AD66240EAD3D008C9858 /* Sources */,
				9DE7AD67240EAD3D008C9858 /* Frameworks */,
				9DE7AD68240EAD3D008C9858 /* Resources */,
			);
			buildRules = (
			);
			dependencies = (
				9DE7AD6C240EAD3D008C9858 /* PBXTargetDependency */,
			);
			name = DemoTestTests;
			productName = DemoTestTests;
			productReference = 9DE7AD6A240EAD3D008C9858 /* DemoTestTests.xctest */;
			productType = "com.apple.product-type.bundle.unit-test";
		};
		9DE7AD74240EAD3D008C9858 /* DemoTestUITests */ = {
			isa = PBXNativeTarget;
			buildConfigurationList = 9DE7AD84240EAD3D008C9858 /* Build configuration list for PBXNativeTarget "DemoTestUITests" */;
			buildPhases = (
				9DE7AD71240EAD3D008C9858 /* Sources */,
				9DE7AD72240EAD3D008C9858 /* Frameworks */,
				9DE7AD73240EAD3D008C9858 /* Resources */,
			);
			buildRules = (
			);
			dependencies = (
				9DE7AD77240EAD3D008C9858 /* PBXTargetDependency */,
			);
			name = DemoTestUITests;
			productName = DemoTestUITests;
			productReference = 9DE7AD75240EAD3D008C9858 /* DemoTestUITests.xctest */;
			productType = "com.apple.product-type.bundle.ui-testing";
		};
/* End PBXNativeTarget section */

/* Begin PBXProject section */
		9DE7AD4C240EAD3B008C9858 /* Project object */ = {
			isa = PBXProject;
			attributes = {
				LastSwiftUpdateCheck = 1120;
				LastUpgradeCheck = 1120;
				ORGANIZATIONNAME = "杨涛";
				TargetAttributes = {
					9DE7AD53240EAD3B008C9858 = {
						CreatedOnToolsVersion = 11.2.1;
					};
					9DE7AD69240EAD3D008C9858 = {
						CreatedOnToolsVersion = 11.2.1;
						TestTargetID = 9DE7AD53240EAD3B008C9858;
					};
					9DE7AD74240EAD3D008C9858 = {
						CreatedOnToolsVersion = 11.2.1;
						TestTargetID = 9DE7AD53240EAD3B008C9858;
					};
				};
			};
			buildConfigurationList = 9DE7AD4F240EAD3B008C9858 /* Build configuration list for PBXProject "DemoTest" */;
			compatibilityVersion = "Xcode 9.3";
			developmentRegion = en;
			hasScannedForEncodings = 0;
			knownRegions = (
				en,
				Base,
			);
			mainGroup = 9DE7AD4B240EAD3B008C9858;
			productRefGroup = 9DE7AD55240EAD3B008C9858 /* Products */;
			projectDirPath = "";
			projectRoot = "";
			targets = (
				9DE7AD53240EAD3B008C9858 /* DemoTest */,
				9DE7AD69240EAD3D008C9858 /* DemoTestTests */,
				9DE7AD74240EAD3D008C9858 /* DemoTestUITests */,
			);
		};
/* End PBXProject section */

/* Begin PBXResourcesBuildPhase section */
		9DE7AD52240EAD3B008C9858 /* Resources */ = {
			isa = PBXResourcesBuildPhase;
			buildActionMask = 2147483647;
			files = (
				9DE7AD64240EAD3D008C9858 /* LaunchScreen.storyboard in Resources */,
				9DE7AD61240EAD3D008C9858 /* Assets.xcassets in Resources */,
				9DE7AD5F240EAD3B008C9858 /* Main.storyboard in Resources */,
			);
			runOnlyForDeploymentPostprocessing = 0;
		};
		9DE7AD68240EAD3D008C9858 /* Resources */ = {
			isa = PBXResourcesBuildPhase;
			buildActionMask = 2147483647;
			files = (
			);
			runOnlyForDeploymentPostprocessing = 0;
		};
		9DE7AD73240EAD3D008C9858 /* Resources */ = {
			isa = PBXResourcesBuildPhase;
			buildActionMask = 2147483647;
			files = (
			);
			runOnlyForDeploymentPostprocessing = 0;
		};
/* End PBXResourcesBuildPhase section */

/* Begin PBXSourcesBuildPhase section */
		9DE7AD50240EAD3B008C9858 /* Sources */ = {
			isa = PBXSourcesBuildPhase;
			buildActionMask = 2147483647;
			files = (
				9DE7AD5C240EAD3B008C9858 /* ViewController.swift in Sources */,
				9DE7AD58240EAD3B008C9858 /* AppDelegate.swift in Sources */,
				9DE7AD5A240EAD3B008C9858 /* SceneDelegate.swift in Sources */,
			);
			runOnlyForDeploymentPostprocessing = 0;
		};
		9DE7AD66240EAD3D008C9858 /* Sources */ = {
			isa = PBXSourcesBuildPhase;
			buildActionMask = 2147483647;
			files = (
				9DE7AD6F240EAD3D008C9858 /* DemoTestTests.swift in Sources */,
			);
			runOnlyForDeploymentPostprocessing = 0;
		};
		9DE7AD71240EAD3D008C9858 /* Sources */ = {
			isa = PBXSourcesBuildPhase;
			buildActionMask = 2147483647;
			files = (
				9DE7AD7A240EAD3D008C9858 /* DemoTestUITests.swift in Sources */,
			);
			runOnlyForDeploymentPostprocessing = 0;
		};
/* End PBXSourcesBuildPhase section */

/* Begin PBXTargetDependency section */
		9DE7AD6C240EAD3D008C9858 /* PBXTargetDependency */ = {
			isa = PBXTargetDependency;
			target = 9DE7AD53240EAD3B008C9858 /* DemoTest */;
			targetProxy = 9DE7AD6B240EAD3D008C9858 /* PBXContainerItemProxy */;
		};
		9DE7AD77240EAD3D008C9858 /* PBXTargetDependency */ = {
			isa = PBXTargetDependency;
			target = 9DE7AD53240EAD3B008C9858 /* DemoTest */;
			targetProxy = 9DE7AD76240EAD3D008C9858 /* PBXContainerItemProxy */;
		};
/* End PBXTargetDependency section */

/* Begin PBXVariantGroup section */
		9DE7AD5D240EAD3B008C9858 /* Main.storyboard */ = {
			isa = PBXVariantGroup;
			children = (
				9DE7AD5E240EAD3B008C9858 /* Base */,
			);
			name = Main.storyboard;
			sourceTree = "<group>";
		};
		9DE7AD62240EAD3D008C9858 /* LaunchScreen.storyboard */ = {
			isa = PBXVariantGroup;
			children = (
				9DE7AD63240EAD3D008C9858 /* Base */,
			);
			name = LaunchScreen.storyboard;
			sourceTree = "<group>";
		};
/* End PBXVariantGroup section */

/* Begin XCBuildConfiguration section */
		9DE7AD7C240EAD3D008C9858 /* Debug */ = {
			isa = XCBuildConfiguration;
			buildSettings = {
				ALWAYS_SEARCH_USER_PATHS = NO;
				CLANG_ANALYZER_NONNULL = YES;
				CLANG_ANALYZER_NUMBER_OBJECT_CONVERSION = YES_AGGRESSIVE;
				CLANG_CXX_LANGUAGE_STANDARD = "gnu++14";
				CLANG_CXX_LIBRARY = "libc++";
				CLANG_ENABLE_MODULES = YES;
				CLANG_ENABLE_OBJC_ARC = YES;
				CLANG_ENABLE_OBJC_WEAK = YES;
				CLANG_WARN_BLOCK_CAPTURE_AUTORELEASING = YES;
				CLANG_WARN_BOOL_CONVERSION = YES;
				CLANG_WARN_COMMA = YES;
				CLANG_WARN_CONSTANT_CONVERSION = YES;
				CLANG_WARN_DEPRECATED_OBJC_IMPLEMENTATIONS = YES;
				CLANG_WARN_DIRECT_OBJC_ISA_USAGE = YES_ERROR;
				CLANG_WARN_DOCUMENTATION_COMMENTS = YES;
				CLANG_WARN_EMPTY_BODY = YES;
				CLANG_WARN_ENUM_CONVERSION = YES;
				CLANG_WARN_INFINITE_RECURSION = YES;
				CLANG_WARN_INT_CONVERSION = YES;
				CLANG_WARN_NON_LITERAL_NULL_CONVERSION = YES;
				CLANG_WARN_OBJC_IMPLICIT_RETAIN_SELF = YES;
				CLANG_WARN_OBJC_LITERAL_CONVERSION = YES;
				CLANG_WARN_OBJC_ROOT_CLASS = YES_ERROR;
				CLANG_WARN_RANGE_LOOP_ANALYSIS = YES;
				CLANG_WARN_STRICT_PROTOTYPES = YES;
				CLANG_WARN_SUSPICIOUS_MOVE = YES;
				CLANG_WARN_UNGUARDED_AVAILABILITY = YES_AGGRESSIVE;
				CLANG_WARN_UNREACHABLE_CODE = YES;
				CLANG_WARN__DUPLICATE_METHOD_MATCH = YES;
				COPY_PHASE_STRIP = NO;
				DEBUG_INFORMATION_FORMAT = dwarf;
				ENABLE_STRICT_OBJC_MSGSEND = YES;
				ENABLE_TESTABILITY = YES;
				GCC_C_LANGUAGE_STANDARD = gnu11;
				GCC_DYNAMIC_NO_PIC = NO;
				GCC_NO_COMMON_BLOCKS = YES;
				GCC_OPTIMIZATION_LEVEL = 0;
				GCC_PREPROCESSOR_DEFINITIONS = (
					"DEBUG=1",
					"$(inherited)",
				);
				GCC_WARN_64_TO_32_BIT_CONVERSION = YES;
				GCC_WARN_ABOUT_RETURN_TYPE = YES_ERROR;
				GCC_WARN_UNDECLARED_SELECTOR = YES;
				GCC_WARN_UNINITIALIZED_AUTOS = YES_AGGRESSIVE;
				GCC_WARN_UNUSED_FUNCTION = YES;
				GCC_WARN_UNUSED_VARIABLE = YES;
				IPHONEOS_DEPLOYMENT_TARGET = 13.2;
				MTL_ENABLE_DEBUG_INFO = INCLUDE_SOURCE;
				MTL_FAST_MATH = YES;
				ONLY_ACTIVE_ARCH = YES;
				SDKROOT = iphoneos;
				SWIFT_ACTIVE_COMPILATION_CONDITIONS = DEBUG;
				SWIFT_OPTIMIZATION_LEVEL = "-Onone";
			};
			name = Debug;
		};
		9DE7AD7D240EAD3D008C9858 /* Release */ = {
			isa = XCBuildConfiguration;
			buildSettings = {
				ALWAYS_SEARCH_USER_PATHS = NO;
				CLANG_ANALYZER_NONNULL = YES;
				CLANG_ANALYZER_NUMBER_OBJECT_CONVERSION = YES_AGGRESSIVE;
				CLANG_CXX_LANGUAGE_STANDARD = "gnu++14";
				CLANG_CXX_LIBRARY = "libc++";
				CLANG_ENABLE_MODULES = YES;
				CLANG_ENABLE_OBJC_ARC = YES;
				CLANG_ENABLE_OBJC_WEAK = YES;
				CLANG_WARN_BLOCK_CAPTURE_AUTORELEASING = YES;
				CLANG_WARN_BOOL_CONVERSION = YES;
				CLANG_WARN_COMMA = YES;
				CLANG_WARN_CONSTANT_CONVERSION = YES;
				CLANG_WARN_DEPRECATED_OBJC_IMPLEMENTATIONS = YES;
				CLANG_WARN_DIRECT_OBJC_ISA_USAGE = YES_ERROR;
				CLANG_WARN_DOCUMENTATION_COMMENTS = YES;
				CLANG_WARN_EMPTY_BODY = YES;
				CLANG_WARN_ENUM_CONVERSION = YES;
				CLANG_WARN_INFINITE_RECURSION = YES;
				CLANG_WARN_INT_CONVERSION = YES;
				CLANG_WARN_NON_LITERAL_NULL_CONVERSION = YES;
				CLANG_WARN_OBJC_IMPLICIT_RETAIN_SELF = YES;
				CLANG_WARN_OBJC_LITERAL_CONVERSION = YES;
				CLANG_WARN_OBJC_ROOT_CLASS = YES_ERROR;
				CLANG_WARN_RANGE_LOOP_ANALYSIS = YES;
				CLANG_WARN_STRICT_PROTOTYPES = YES;
				CLANG_WARN_SUSPICIOUS_MOVE = YES;
				CLANG_WARN_UNGUARDED_AVAILABILITY = YES_AGGRESSIVE;
				CLANG_WARN_UNREACHABLE_CODE = YES;
				CLANG_WARN__DUPLICATE_METHOD_MATCH = YES;
				COPY_PHASE_STRIP = NO;
				DEBUG_INFORMATION_FORMAT = "dwarf-with-dsym";
				ENABLE_NS_ASSERTIONS = NO;
				ENABLE_STRICT_OBJC_MSGSEND = YES;
				GCC_C_LANGUAGE_STANDARD = gnu11;
				GCC_NO_COMMON_BLOCKS = YES;
				GCC_WARN_64_TO_32_BIT_CONVERSION = YES;
				GCC_WARN_ABOUT_RETURN_TYPE = YES_ERROR;
				GCC_WARN_UNDECLARED_SELECTOR = YES;
				GCC_WARN_UNINITIALIZED_AUTOS = YES_AGGRESSIVE;
				GCC_WARN_UNUSED_FUNCTION = YES;
				GCC_WARN_UNUSED_VARIABLE = YES;
				IPHONEOS_DEPLOYMENT_TARGET = 13.2;
				MTL_ENABLE_DEBUG_INFO = NO;
				MTL_FAST_MATH = YES;
				SDKROOT = iphoneos;
				SWIFT_COMPILATION_MODE = wholemodule;
				SWIFT_OPTIMIZATION_LEVEL = "-O";
				VALIDATE_PRODUCT = YES;
			};
			name = Release;
		};
		9DE7AD7F240EAD3D008C9858 /* Debug */ = {
			isa = XCBuildConfiguration;
			buildSettings = {
				ASSETCATALOG_COMPILER_APPICON_NAME = AppIcon;
				CODE_SIGN_STYLE = Automatic;
				DEVELOPMENT_TEAM = YX5MTH3352;
				INFOPLIST_FILE = DemoTest/Info.plist;
				LD_RUNPATH_SEARCH_PATHS = (
					"$(inherited)",
					"@executable_path/Frameworks",
				);
				PRODUCT_BUNDLE_IDENTIFIER = FY.DemoTest;
				PRODUCT_NAME = "$(TARGET_NAME)";
				SWIFT_VERSION = 5.0;
				TARGETED_DEVICE_FAMILY = "1,2";
			};
			name = Debug;
		};
		9DE7AD80240EAD3D008C9858 /* Release */ = {
			isa = XCBuildConfiguration;
			buildSettings = {
				ASSETCATALOG_COMPILER_APPICON_NAME = AppIcon;
				CODE_SIGN_STYLE = Automatic;
				DEVELOPMENT_TEAM = YX5MTH3352;
				INFOPLIST_FILE = DemoTest/Info.plist;
				LD_RUNPATH_SEARCH_PATHS = (
					"$(inherited)",
					"@executable_path/Frameworks",
				);
				PRODUCT_BUNDLE_IDENTIFIER = FY.DemoTest;
				PRODUCT_NAME = "$(TARGET_NAME)";
				SWIFT_VERSION = 5.0;
				TARGETED_DEVICE_FAMILY = "1,2";
			};
			name = Release;
		};
		9DE7AD82240EAD3D008C9858 /* Debug */ = {
			isa = XCBuildConfiguration;
			buildSettings = {
				ALWAYS_EMBED_SWIFT_STANDARD_LIBRARIES = YES;
				BUNDLE_LOADER = "$(TEST_HOST)";
				CODE_SIGN_STYLE = Automatic;
				DEVELOPMENT_TEAM = YX5MTH3352;
				INFOPLIST_FILE = DemoTestTests/Info.plist;
				IPHONEOS_DEPLOYMENT_TARGET = 13.2;
				LD_RUNPATH_SEARCH_PATHS = (
					"$(inherited)",
					"@executable_path/Frameworks",
					"@loader_path/Frameworks",
				);
				PRODUCT_BUNDLE_IDENTIFIER = FY.DemoTestTests;
				PRODUCT_NAME = "$(TARGET_NAME)";
				SWIFT_VERSION = 5.0;
				TARGETED_DEVICE_FAMILY = "1,2";
				TEST_HOST = "$(BUILT_PRODUCTS_DIR)/DemoTest.app/DemoTest";
			};
			name = Debug;
		};
		9DE7AD83240EAD3D008C9858 /* Release */ = {
			isa = XCBuildConfiguration;
			buildSettings = {
				ALWAYS_EMBED_SWIFT_STANDARD_LIBRARIES = YES;
				BUNDLE_LOADER = "$(TEST_HOST)";
				CODE_SIGN_STYLE = Automatic;
				DEVELOPMENT_TEAM = YX5MTH3352;
				INFOPLIST_FILE = DemoTestTests/Info.plist;
				IPHONEOS_DEPLOYMENT_TARGET = 13.2;
				LD_RUNPATH_SEARCH_PATHS = (
					"$(inherited)",
					"@executable_path/Frameworks",
					"@loader_path/Frameworks",
				);
				PRODUCT_BUNDLE_IDENTIFIER = FY.DemoTestTests;
				PRODUCT_NAME = "$(TARGET_NAME)";
				SWIFT_VERSION = 5.0;
				TARGETED_DEVICE_FAMILY = "1,2";
				TEST_HOST = "$(BUILT_PRODUCTS_DIR)/DemoTest.app/DemoTest";
			};
			name = Release;
		};
		9DE7AD85240EAD3D008C9858 /* Debug */ = {
			isa = XCBuildConfiguration;
			buildSettings = {
				ALWAYS_EMBED_SWIFT_STANDARD_LIBRARIES = YES;
				CODE_SIGN_STYLE = Automatic;
				DEVELOPMENT_TEAM = YX5MTH3352;
				INFOPLIST_FILE = DemoTestUITests/Info.plist;
				LD_RUNPATH_SEARCH_PATHS = (
					"$(inherited)",
					"@executable_path/Frameworks",
					"@loader_path/Frameworks",
				);
				PRODUCT_BUNDLE_IDENTIFIER = FY.DemoTestUITests;
				PRODUCT_NAME = "$(TARGET_NAME)";
				SWIFT_VERSION = 5.0;
				TARGETED_DEVICE_FAMILY = "1,2";
				TEST_TARGET_NAME = DemoTest;
			};
			name = Debug;
		};
		9DE7AD86240EAD3D008C9858 /* Release */ = {
			isa = XCBuildConfiguration;
			buildSettings = {
				ALWAYS_EMBED_SWIFT_STANDARD_LIBRARIES = YES;
				CODE_SIGN_STYLE = Automatic;
				DEVELOPMENT_TEAM = YX5MTH3352;
				INFOPLIST_FILE = DemoTestUITests/Info.plist;
				LD_RUNPATH_SEARCH_PATHS = (
					"$(inherited)",
					"@executable_path/Frameworks",
					"@loader_path/Frameworks",
				);
				PRODUCT_BUNDLE_IDENTIFIER = FY.DemoTestUITests;
				PRODUCT_NAME = "$(TARGET_NAME)";
				SWIFT_VERSION = 5.0;
				TARGETED_DEVICE_FAMILY = "1,2";
				TEST_TARGET_NAME = DemoTest;
			};
			name = Release;
		};
/* End XCBuildConfiguration section */

/* Begin XCConfigurationList section */
		9DE7AD4F240EAD3B008C9858 /* Build configuration list for PBXProject "DemoTest" */ = {
			isa = XCConfigurationList;
			buildConfigurations = (
				9DE7AD7C240EAD3D008C9858 /* Debug */,
				9DE7AD7D240EAD3D008C9858 /* Release */,
			);
			defaultConfigurationIsVisible = 0;
			defaultConfigurationName = Release;
		};
		9DE7AD7E240EAD3D008C9858 /* Build configuration list for PBXNativeTarget "DemoTest" */ = {
			isa = XCConfigurationList;
			buildConfigurations = (
				9DE7AD7F240EAD3D008C9858 /* Debug */,
				9DE7AD80240EAD3D008C9858 /* Release */,
			);
			defaultConfigurationIsVisible = 0;
			defaultConfigurationName = Release;
		};
		9DE7AD81240EAD3D008C9858 /* Build configuration list for PBXNativeTarget "DemoTestTests" */ = {
			isa = XCConfigurationList;
			buildConfigurations = (
				9DE7AD82240EAD3D008C9858 /* Debug */,
				9DE7AD83240EAD3D008C9858 /* Release */,
			);
			defaultConfigurationIsVisible = 0;
			defaultConfigurationName = Release;
		};
		9DE7AD84240EAD3D008C9858 /* Build configuration list for PBXNativeTarget "DemoTestUITests" */ = {
			isa = XCConfigurationList;
			buildConfigurations = (
				9DE7AD85240EAD3D008C9858 /* Debug */,
				9DE7AD86240EAD3D008C9858 /* Release */,
			);
			defaultConfigurationIsVisible = 0;
			defaultConfigurationName = Release;
		};
/* End XCConfigurationList section */
	};
	rootObject = 9DE7AD4C240EAD3B008C9858 /* Project object */;
}
