// !$*UTF8*$!
{
	archiveVersion = 1;
	classes = {
	};
	objectVersion = 50;
	objects = {

/* Begin PBXBuildFile section */
		9D7C885425EF1B2600622DA1 /* AppDelegate.swift in Sources */ = {isa = PBXBuildFile; fileRef = 9D7C885325EF1B2600622DA1 /* AppDelegate.swift */; };
		9D7C885625EF1B2600622DA1 /* SceneDelegate.swift in Sources */ = {isa = PBXBuildFile; fileRef = 9D7C885525EF1B2600622DA1 /* SceneDelegate.swift */; };
		9D7C885825EF1B2600622DA1 /* ViewController.swift in Sources */ = {isa = PBXBuildFile; fileRef = 9D7C885725EF1B2600622DA1 /* ViewController.swift */; };
		9D7C885B25EF1B2600622DA1 /* Main.storyboard in Resources */ = {isa = PBXBuildFile; fileRef = 9D7C885925EF1B2600622DA1 /* Main.storyboard */; };
		9D7C885D25EF1B2800622DA1 /* Assets.xcassets in Resources */ = {isa = PBXBuildFile; fileRef = 9D7C885C25EF1B2800622DA1 /* Assets.xcassets */; };
		9D7C886025EF1B2800622DA1 /* LaunchScreen.storyboard in Resources */ = {isa = PBXBuildFile; fileRef = 9D7C885E25EF1B2800622DA1 /* LaunchScreen.storyboard */; };
		9D7C886B25EF1B2800622DA1 /* WaterAlgorithmDemoTests.swift in Sources */ = {isa = PBXBuildFile; fileRef = 9D7C886A25EF1B2800622DA1 /* WaterAlgorithmDemoTests.swift */; };
		9D7C887625EF1B2800622DA1 /* WaterAlgorithmDemoUITests.swift in Sources */ = {isa = PBXBuildFile; fileRef = 9D7C887525EF1B2800622DA1 /* WaterAlgorithmDemoUITests.swift */; };
/* End PBXBuildFile section */

/* Begin PBXContainerItemProxy section */
		9D7C886725EF1B2800622DA1 /* PBXContainerItemProxy */ = {
			isa = PBXContainerItemProxy;
			containerPortal = 9D7C884825EF1B2600622DA1 /* Project object */;
			proxyType = 1;
			remoteGlobalIDString = 9D7C884F25EF1B2600622DA1;
			remoteInfo = WaterAlgorithmDemo;
		};
		9D7C887225EF1B2800622DA1 /* PBXContainerItemProxy */ = {
			isa = PBXContainerItemProxy;
			containerPortal = 9D7C884825EF1B2600622DA1 /* Project object */;
			proxyType = 1;
			remoteGlobalIDString = 9D7C884F25EF1B2600622DA1;
			remoteInfo = WaterAlgorithmDemo;
		};
/* End PBXContainerItemProxy section */

/* Begin PBXFileReference section */
		9D7C885025EF1B2600622DA1 /* WaterAlgorithmDemo.app */ = {isa = PBXFileReference; explicitFileType = wrapper.application; includeInIndex = 0; path = WaterAlgorithmDemo.app; sourceTree = BUILT_PRODUCTS_DIR; };
		9D7C885325EF1B2600622DA1 /* AppDelegate.swift */ = {isa = PBXFileReference; lastKnownFileType = sourcecode.swift; path = AppDelegate.swift; sourceTree = "<group>"; };
		9D7C885525EF1B2600622DA1 /* SceneDelegate.swift */ = {isa = PBXFileReference; lastKnownFileType = sourcecode.swift; path = SceneDelegate.swift; sourceTree = "<group>"; };
		9D7C885725EF1B2600622DA1 /* ViewController.swift */ = {isa = PBXFileReference; lastKnownFileType = sourcecode.swift; path = ViewController.swift; sourceTree = "<group>"; };
		9D7C885A25EF1B2600622DA1 /* Base */ = {isa = PBXFileReference; lastKnownFileType = file.storyboard; name = Base; path = Base.lproj/Main.storyboard; sourceTree = "<group>"; };
		9D7C885C25EF1B2800622DA1 /* Assets.xcassets */ = {isa = PBXFileReference; lastKnownFileType = folder.assetcatalog; path = Assets.xcassets; sourceTree = "<group>"; };
		9D7C885F25EF1B2800622DA1 /* Base */ = {isa = PBXFileReference; lastKnownFileType = file.storyboard; name = Base; path = Base.lproj/LaunchScreen.storyboard; sourceTree = "<group>"; };
		9D7C886125EF1B2800622DA1 /* Info.plist */ = {isa = PBXFileReference; lastKnownFileType = text.plist.xml; path = Info.plist; sourceTree = "<group>"; };
		9D7C886625EF1B2800622DA1 /* WaterAlgorithmDemoTests.xctest */ = {isa = PBXFileReference; explicitFileType = wrapper.cfbundle; includeInIndex = 0; path = WaterAlgorithmDemoTests.xctest; sourceTree = BUILT_PRODUCTS_DIR; };
		9D7C886A25EF1B2800622DA1 /* WaterAlgorithmDemoTests.swift */ = {isa = PBXFileReference; lastKnownFileType = sourcecode.swift; path = WaterAlgorithmDemoTests.swift; sourceTree = "<group>"; };
		9D7C886C25EF1B2800622DA1 /* Info.plist */ = {isa = PBXFileReference; lastKnownFileType = text.plist.xml; path = Info.plist; sourceTree = "<group>"; };
		9D7C887125EF1B2800622DA1 /* WaterAlgorithmDemoUITests.xctest */ = {isa = PBXFileReference; explicitFileType = wrapper.cfbundle; includeInIndex = 0; path = WaterAlgorithmDemoUITests.xctest; sourceTree = BUILT_PRODUCTS_DIR; };
		9D7C887525EF1B2800622DA1 /* WaterAlgorithmDemoUITests.swift */ = {isa = PBXFileReference; lastKnownFileType = sourcecode.swift; path = WaterAlgorithmDemoUITests.swift; sourceTree = "<group>"; };
		9D7C887725EF1B2800622DA1 /* Info.plist */ = {isa = PBXFileReference; lastKnownFileType = text.plist.xml; path = Info.plist; sourceTree = "<group>"; };
/* End PBXFileReference section */

/* Begin PBXFrameworksBuildPhase section */
		9D7C884D25EF1B2600622DA1 /* Frameworks */ = {
			isa = PBXFrameworksBuildPhase;
			buildActionMask = 2147483647;
			files = (
			);
			runOnlyForDeploymentPostprocessing = 0;
		};
		9D7C886325EF1B2800622DA1 /* Frameworks */ = {
			isa = PBXFrameworksBuildPhase;
			buildActionMask = 2147483647;
			files = (
			);
			runOnlyForDeploymentPostprocessing = 0;
		};
		9D7C886E25EF1B2800622DA1 /* Frameworks */ = {
			isa = PBXFrameworksBuildPhase;
			buildActionMask = 2147483647;
			files = (
			);
			runOnlyForDeploymentPostprocessing = 0;
		};
/* End PBXFrameworksBuildPhase section */

/* Begin PBXGroup section */
		9D7C884725EF1B2600622DA1 = {
			isa = PBXGroup;
			children = (
				9D7C885225EF1B2600622DA1 /* WaterAlgorithmDemo */,
				9D7C886925EF1B2800622DA1 /* WaterAlgorithmDemoTests */,
				9D7C887425EF1B2800622DA1 /* WaterAlgorithmDemoUITests */,
				9D7C885125EF1B2600622DA1 /* Products */,
			);
			sourceTree = "<group>";
		};
		9D7C885125EF1B2600622DA1 /* Products */ = {
			isa = PBXGroup;
			children = (
				9D7C885025EF1B2600622DA1 /* WaterAlgorithmDemo.app */,
				9D7C886625EF1B2800622DA1 /* WaterAlgorithmDemoTests.xctest */,
				9D7C887125EF1B2800622DA1 /* WaterAlgorithmDemoUITests.xctest */,
			);
			name = Products;
			sourceTree = "<group>";
		};
		9D7C885225EF1B2600622DA1 /* WaterAlgorithmDemo */ = {
			isa = PBXGroup;
			children = (
				9D7C885325EF1B2600622DA1 /* AppDelegate.swift */,
				9D7C885525EF1B2600622DA1 /* SceneDelegate.swift */,
				9D7C885725EF1B2600622DA1 /* ViewController.swift */,
				9D7C885925EF1B2600622DA1 /* Main.storyboard */,
				9D7C885C25EF1B2800622DA1 /* Assets.xcassets */,
				9D7C885E25EF1B2800622DA1 /* LaunchScreen.storyboard */,
				9D7C886125EF1B2800622DA1 /* Info.plist */,
			);
			path = WaterAlgorithmDemo;
			sourceTree = "<group>";
		};
		9D7C886925EF1B2800622DA1 /* WaterAlgorithmDemoTests */ = {
			isa = PBXGroup;
			children = (
				9D7C886A25EF1B2800622DA1 /* WaterAlgorithmDemoTests.swift */,
				9D7C886C25EF1B2800622DA1 /* Info.plist */,
			);
			path = WaterAlgorithmDemoTests;
			sourceTree = "<group>";
		};
		9D7C887425EF1B2800622DA1 /* WaterAlgorithmDemoUITests */ = {
			isa = PBXGroup;
			children = (
				9D7C887525EF1B2800622DA1 /* WaterAlgorithmDemoUITests.swift */,
				9D7C887725EF1B2800622DA1 /* Info.plist */,
			);
			path = WaterAlgorithmDemoUITests;
			sourceTree = "<group>";
		};
/* End PBXGroup section */

/* Begin PBXNativeTarget section */
		9D7C884F25EF1B2600622DA1 /* WaterAlgorithmDemo */ = {
			isa = PBXNativeTarget;
			buildConfigurationList = 9D7C887A25EF1B2800622DA1 /* Build configuration list for PBXNativeTarget "WaterAlgorithmDemo" */;
			buildPhases = (
				9D7C884C25EF1B2600622DA1 /* Sources */,
				9D7C884D25EF1B2600622DA1 /* Frameworks */,
				9D7C884E25EF1B2600622DA1 /* Resources */,
			);
			buildRules = (
			);
			dependencies = (
			);
			name = WaterAlgorithmDemo;
			productName = WaterAlgorithmDemo;
			productReference = 9D7C885025EF1B2600622DA1 /* WaterAlgorithmDemo.app */;
			productType = "com.apple.product-type.application";
		};
		9D7C886525EF1B2800622DA1 /* WaterAlgorithmDemoTests */ = {
			isa = PBXNativeTarget;
			buildConfigurationList = 9D7C887D25EF1B2800622DA1 /* Build configuration list for PBXNativeTarget "WaterAlgorithmDemoTests" */;
			buildPhases = (
				9D7C886225EF1B2800622DA1 /* Sources */,
				9D7C886325EF1B2800622DA1 /* Frameworks */,
				9D7C886425EF1B2800622DA1 /* Resources */,
			);
			buildRules = (
			);
			dependencies = (
				9D7C886825EF1B2800622DA1 /* PBXTargetDependency */,
			);
			name = WaterAlgorithmDemoTests;
			productName = WaterAlgorithmDemoTests;
			productReference = 9D7C886625EF1B2800622DA1 /* WaterAlgorithmDemoTests.xctest */;
			productType = "com.apple.product-type.bundle.unit-test";
		};
		9D7C887025EF1B2800622DA1 /* WaterAlgorithmDemoUITests */ = {
			isa = PBXNativeTarget;
			buildConfigurationList = 9D7C888025EF1B2800622DA1 /* Build configuration list for PBXNativeTarget "WaterAlgorithmDemoUITests" */;
			buildPhases = (
				9D7C886D25EF1B2800622DA1 /* Sources */,
				9D7C886E25EF1B2800622DA1 /* Frameworks */,
				9D7C886F25EF1B2800622DA1 /* Resources */,
			);
			buildRules = (
			);
			dependencies = (
				9D7C887325EF1B2800622DA1 /* PBXTargetDependency */,
			);
			name = WaterAlgorithmDemoUITests;
			productName = WaterAlgorithmDemoUITests;
			productReference = 9D7C887125EF1B2800622DA1 /* WaterAlgorithmDemoUITests.xctest */;
			productType = "com.apple.product-type.bundle.ui-testing";
		};
/* End PBXNativeTarget section */

/* Begin PBXProject section */
		9D7C884825EF1B2600622DA1 /* Project object */ = {
			isa = PBXProject;
			attributes = {
				LastSwiftUpdateCheck = 1210;
				LastUpgradeCheck = 1210;
				TargetAttributes = {
					9D7C884F25EF1B2600622DA1 = {
						CreatedOnToolsVersion = 12.1;
					};
					9D7C886525EF1B2800622DA1 = {
						CreatedOnToolsVersion = 12.1;
						TestTargetID = 9D7C884F25EF1B2600622DA1;
					};
					9D7C887025EF1B2800622DA1 = {
						CreatedOnToolsVersion = 12.1;
						TestTargetID = 9D7C884F25EF1B2600622DA1;
					};
				};
			};
			buildConfigurationList = 9D7C884B25EF1B2600622DA1 /* Build configuration list for PBXProject "WaterAlgorithmDemo" */;
			compatibilityVersion = "Xcode 9.3";
			developmentRegion = en;
			hasScannedForEncodings = 0;
			knownRegions = (
				en,
				Base,
			);
			mainGroup = 9D7C884725EF1B2600622DA1;
			productRefGroup = 9D7C885125EF1B2600622DA1 /* Products */;
			projectDirPath = "";
			projectRoot = "";
			targets = (
				9D7C884F25EF1B2600622DA1 /* WaterAlgorithmDemo */,
				9D7C886525EF1B2800622DA1 /* WaterAlgorithmDemoTests */,
				9D7C887025EF1B2800622DA1 /* WaterAlgorithmDemoUITests */,
			);
		};
/* End PBXProject section */

/* Begin PBXResourcesBuildPhase section */
		9D7C884E25EF1B2600622DA1 /* Resources */ = {
			isa = PBXResourcesBuildPhase;
			buildActionMask = 2147483647;
			files = (
				9D7C886025EF1B2800622DA1 /* LaunchScreen.storyboard in Resources */,
				9D7C885D25EF1B2800622DA1 /* Assets.xcassets in Resources */,
				9D7C885B25EF1B2600622DA1 /* Main.storyboard in Resources */,
			);
			runOnlyForDeploymentPostprocessing = 0;
		};
		9D7C886425EF1B2800622DA1 /* Resources */ = {
			isa = PBXResourcesBuildPhase;
			buildActionMask = 2147483647;
			files = (
			);
			runOnlyForDeploymentPostprocessing = 0;
		};
		9D7C886F25EF1B2800622DA1 /* Resources */ = {
			isa = PBXResourcesBuildPhase;
			buildActionMask = 2147483647;
			files = (
			);
			runOnlyForDeploymentPostprocessing = 0;
		};
/* End PBXResourcesBuildPhase section */

/* Begin PBXSourcesBuildPhase section */
		9D7C884C25EF1B2600622DA1 /* Sources */ = {
			isa = PBXSourcesBuildPhase;
			buildActionMask = 2147483647;
			files = (
				9D7C885825EF1B2600622DA1 /* ViewController.swift in Sources */,
				9D7C885425EF1B2600622DA1 /* AppDelegate.swift in Sources */,
				9D7C885625EF1B2600622DA1 /* SceneDelegate.swift in Sources */,
			);
			runOnlyForDeploymentPostprocessing = 0;
		};
		9D7C886225EF1B2800622DA1 /* Sources */ = {
			isa = PBXSourcesBuildPhase;
			buildActionMask = 2147483647;
			files = (
				9D7C886B25EF1B2800622DA1 /* WaterAlgorithmDemoTests.swift in Sources */,
			);
			runOnlyForDeploymentPostprocessing = 0;
		};
		9D7C886D25EF1B2800622DA1 /* Sources */ = {
			isa = PBXSourcesBuildPhase;
			buildActionMask = 2147483647;
			files = (
				9D7C887625EF1B2800622DA1 /* WaterAlgorithmDemoUITests.swift in Sources */,
			);
			runOnlyForDeploymentPostprocessing = 0;
		};
/* End PBXSourcesBuildPhase section */

/* Begin PBXTargetDependency section */
		9D7C886825EF1B2800622DA1 /* PBXTargetDependency */ = {
			isa = PBXTargetDependency;
			target = 9D7C884F25EF1B2600622DA1 /* WaterAlgorithmDemo */;
			targetProxy = 9D7C886725EF1B2800622DA1 /* PBXContainerItemProxy */;
		};
		9D7C887325EF1B2800622DA1 /* PBXTargetDependency */ = {
			isa = PBXTargetDependency;
			target = 9D7C884F25EF1B2600622DA1 /* WaterAlgorithmDemo */;
			targetProxy = 9D7C887225EF1B2800622DA1 /* PBXContainerItemProxy */;
		};
/* End PBXTargetDependency section */

/* Begin PBXVariantGroup section */
		9D7C885925EF1B2600622DA1 /* Main.storyboard */ = {
			isa = PBXVariantGroup;
			children = (
				9D7C885A25EF1B2600622DA1 /* Base */,
			);
			name = Main.storyboard;
			sourceTree = "<group>";
		};
		9D7C885E25EF1B2800622DA1 /* LaunchScreen.storyboard */ = {
			isa = PBXVariantGroup;
			children = (
				9D7C885F25EF1B2800622DA1 /* Base */,
			);
			name = LaunchScreen.storyboard;
			sourceTree = "<group>";
		};
/* End PBXVariantGroup section */

/* Begin XCBuildConfiguration section */
		9D7C887825EF1B2800622DA1 /* Debug */ = {
			isa = XCBuildConfiguration;
			buildSettings = {
				ALWAYS_SEARCH_USER_PATHS = NO;
				CLANG_ANALYZER_NONNULL = YES;
				CLANG_ANALYZER_NUMBER_OBJECT_CONVERSION = YES_AGGRESSIVE;
				CLANG_CXX_LANGUAGE_STANDARD = "gnu++14";
				CLANG_CXX_LIBRARY = "libc++";
				CLANG_ENABLE_MODULES = YES;
				CLANG_ENABLE_OBJC_ARC = YES;
				CLANG_ENABLE_OBJC_WEAK = YES;
				CLANG_WARN_BLOCK_CAPTURE_AUTORELEASING = YES;
				CLANG_WARN_BOOL_CONVERSION = YES;
				CLANG_WARN_COMMA = YES;
				CLANG_WARN_CONSTANT_CONVERSION = YES;
				CLANG_WARN_DEPRECATED_OBJC_IMPLEMENTATIONS = YES;
				CLANG_WARN_DIRECT_OBJC_ISA_USAGE = YES_ERROR;
				CLANG_WARN_DOCUMENTATION_COMMENTS = YES;
				CLANG_WARN_EMPTY_BODY = YES;
				CLANG_WARN_ENUM_CONVERSION = YES;
				CLANG_WARN_INFINITE_RECURSION = YES;
				CLANG_WARN_INT_CONVERSION = YES;
				CLANG_WARN_NON_LITERAL_NULL_CONVERSION = YES;
				CLANG_WARN_OBJC_IMPLICIT_RETAIN_SELF = YES;
				CLANG_WARN_OBJC_LITERAL_CONVERSION = YES;
				CLANG_WARN_OBJC_ROOT_CLASS = YES_ERROR;
				CLANG_WARN_QUOTED_INCLUDE_IN_FRAMEWORK_HEADER = YES;
				CLANG_WARN_RANGE_LOOP_ANALYSIS = YES;
				CLANG_WARN_STRICT_PROTOTYPES = YES;
				CLANG_WARN_SUSPICIOUS_MOVE = YES;
				CLANG_WARN_UNGUARDED_AVAILABILITY = YES_AGGRESSIVE;
				CLANG_WARN_UNREACHABLE_CODE = YES;
				CLANG_WARN__DUPLICATE_METHOD_MATCH = YES;
				COPY_PHASE_STRIP = NO;
				DEBUG_INFORMATION_FORMAT = dwarf;
				ENABLE_STRICT_OBJC_MSGSEND = YES;
				ENABLE_TESTABILITY = YES;
				GCC_C_LANGUAGE_STANDARD = gnu11;
				GCC_DYNAMIC_NO_PIC = NO;
				GCC_NO_COMMON_BLOCKS = YES;
				GCC_OPTIMIZATION_LEVEL = 0;
				GCC_PREPROCESSOR_DEFINITIONS = (
					"DEBUG=1",
					"$(inherited)",
				);
				GCC_WARN_64_TO_32_BIT_CONVERSION = YES;
				GCC_WARN_ABOUT_RETURN_TYPE = YES_ERROR;
				GCC_WARN_UNDECLARED_SELECTOR = YES;
				GCC_WARN_UNINITIALIZED_AUTOS = YES_AGGRESSIVE;
				GCC_WARN_UNUSED_FUNCTION = YES;
				GCC_WARN_UNUSED_VARIABLE = YES;
				IPHONEOS_DEPLOYMENT_TARGET = 14.1;
				MTL_ENABLE_DEBUG_INFO = INCLUDE_SOURCE;
				MTL_FAST_MATH = YES;
				ONLY_ACTIVE_ARCH = YES;
				SDKROOT = iphoneos;
				SWIFT_ACTIVE_COMPILATION_CONDITIONS = DEBUG;
				SWIFT_OPTIMIZATION_LEVEL = "-Onone";
			};
			name = Debug;
		};
		9D7C887925EF1B2800622DA1 /* Release */ = {
			isa = XCBuildConfiguration;
			buildSettings = {
				ALWAYS_SEARCH_USER_PATHS = NO;
				CLANG_ANALYZER_NONNULL = YES;
				CLANG_ANALYZER_NUMBER_OBJECT_CONVERSION = YES_AGGRESSIVE;
				CLANG_CXX_LANGUAGE_STANDARD = "gnu++14";
				CLANG_CXX_LIBRARY = "libc++";
				CLANG_ENABLE_MODULES = YES;
				CLANG_ENABLE_OBJC_ARC = YES;
				CLANG_ENABLE_OBJC_WEAK = YES;
				CLANG_WARN_BLOCK_CAPTURE_AUTORELEASING = YES;
				CLANG_WARN_BOOL_CONVERSION = YES;
				CLANG_WARN_COMMA = YES;
				CLANG_WARN_CONSTANT_CONVERSION = YES;
				CLANG_WARN_DEPRECATED_OBJC_IMPLEMENTATIONS = YES;
				CLANG_WARN_DIRECT_OBJC_ISA_USAGE = YES_ERROR;
				CLANG_WARN_DOCUMENTATION_COMMENTS = YES;
				CLANG_WARN_EMPTY_BODY = YES;
				CLANG_WARN_ENUM_CONVERSION = YES;
				CLANG_WARN_INFINITE_RECURSION = YES;
				CLANG_WARN_INT_CONVERSION = YES;
				CLANG_WARN_NON_LITERAL_NULL_CONVERSION = YES;
				CLANG_WARN_OBJC_IMPLICIT_RETAIN_SELF = YES;
				CLANG_WARN_OBJC_LITERAL_CONVERSION = YES;
				CLANG_WARN_OBJC_ROOT_CLASS = YES_ERROR;
				CLANG_WARN_QUOTED_INCLUDE_IN_FRAMEWORK_HEADER = YES;
				CLANG_WARN_RANGE_LOOP_ANALYSIS = YES;
				CLANG_WARN_STRICT_PROTOTYPES = YES;
				CLANG_WARN_SUSPICIOUS_MOVE = YES;
				CLANG_WARN_UNGUARDED_AVAILABILITY = YES_AGGRESSIVE;
				CLANG_WARN_UNREACHABLE_CODE = YES;
				CLANG_WARN__DUPLICATE_METHOD_MATCH = YES;
				COPY_PHASE_STRIP = NO;
				DEBUG_INFORMATION_FORMAT = "dwarf-with-dsym";
				ENABLE_NS_ASSERTIONS = NO;
				ENABLE_STRICT_OBJC_MSGSEND = YES;
				GCC_C_LANGUAGE_STANDARD = gnu11;
				GCC_NO_COMMON_BLOCKS = YES;
				GCC_WARN_64_TO_32_BIT_CONVERSION = YES;
				GCC_WARN_ABOUT_RETURN_TYPE = YES_ERROR;
				GCC_WARN_UNDECLARED_SELECTOR = YES;
				GCC_WARN_UNINITIALIZED_AUTOS = YES_AGGRESSIVE;
				GCC_WARN_UNUSED_FUNCTION = YES;
				GCC_WARN_UNUSED_VARIABLE = YES;
				IPHONEOS_DEPLOYMENT_TARGET = 14.1;
				MTL_ENABLE_DEBUG_INFO = NO;
				MTL_FAST_MATH = YES;
				SDKROOT = iphoneos;
				SWIFT_COMPILATION_MODE = wholemodule;
				SWIFT_OPTIMIZATION_LEVEL = "-O";
				VALIDATE_PRODUCT = YES;
			};
			name = Release;
		};
		9D7C887B25EF1B2800622DA1 /* Debug */ = {
			isa = XCBuildConfiguration;
			buildSettings = {
				ASSETCATALOG_COMPILER_APPICON_NAME = AppIcon;
				ASSETCATALOG_COMPILER_GLOBAL_ACCENT_COLOR_NAME = AccentColor;
				CODE_SIGN_STYLE = Automatic;
				DEVELOPMENT_TEAM = 5823RW6H9P;
				INFOPLIST_FILE = WaterAlgorithmDemo/Info.plist;
				LD_RUNPATH_SEARCH_PATHS = (
					"$(inherited)",
					"@executable_path/Frameworks",
				);
				PRODUCT_BUNDLE_IDENTIFIER = EHI.WaterAlgorithmDemo;
				PRODUCT_NAME = "$(TARGET_NAME)";
				SWIFT_VERSION = 5.0;
				TARGETED_DEVICE_FAMILY = "1,2";
			};
			name = Debug;
		};
		9D7C887C25EF1B2800622DA1 /* Release */ = {
			isa = XCBuildConfiguration;
			buildSettings = {
				ASSETCATALOG_COMPILER_APPICON_NAME = AppIcon;
				ASSETCATALOG_COMPILER_GLOBAL_ACCENT_COLOR_NAME = AccentColor;
				CODE_SIGN_STYLE = Automatic;
				DEVELOPMENT_TEAM = 5823RW6H9P;
				INFOPLIST_FILE = WaterAlgorithmDemo/Info.plist;
				LD_RUNPATH_SEARCH_PATHS = (
					"$(inherited)",
					"@executable_path/Frameworks",
				);
				PRODUCT_BUNDLE_IDENTIFIER = EHI.WaterAlgorithmDemo;
				PRODUCT_NAME = "$(TARGET_NAME)";
				SWIFT_VERSION = 5.0;
				TARGETED_DEVICE_FAMILY = "1,2";
			};
			name = Release;
		};
		9D7C887E25EF1B2800622DA1 /* Debug */ = {
			isa = XCBuildConfiguration;
			buildSettings = {
				ALWAYS_EMBED_SWIFT_STANDARD_LIBRARIES = YES;
				BUNDLE_LOADER = "$(TEST_HOST)";
				CODE_SIGN_STYLE = Automatic;
				DEVELOPMENT_TEAM = 5823RW6H9P;
				INFOPLIST_FILE = WaterAlgorithmDemoTests/Info.plist;
				IPHONEOS_DEPLOYMENT_TARGET = 14.1;
				LD_RUNPATH_SEARCH_PATHS = (
					"$(inherited)",
					"@executable_path/Frameworks",
					"@loader_path/Frameworks",
				);
				PRODUCT_BUNDLE_IDENTIFIER = EHI.WaterAlgorithmDemoTests;
				PRODUCT_NAME = "$(TARGET_NAME)";
				SWIFT_VERSION = 5.0;
				TARGETED_DEVICE_FAMILY = "1,2";
				TEST_HOST = "$(BUILT_PRODUCTS_DIR)/WaterAlgorithmDemo.app/WaterAlgorithmDemo";
			};
			name = Debug;
		};
		9D7C887F25EF1B2800622DA1 /* Release */ = {
			isa = XCBuildConfiguration;
			buildSettings = {
				ALWAYS_EMBED_SWIFT_STANDARD_LIBRARIES = YES;
				BUNDLE_LOADER = "$(TEST_HOST)";
				CODE_SIGN_STYLE = Automatic;
				DEVELOPMENT_TEAM = 5823RW6H9P;
				INFOPLIST_FILE = WaterAlgorithmDemoTests/Info.plist;
				IPHONEOS_DEPLOYMENT_TARGET = 14.1;
				LD_RUNPATH_SEARCH_PATHS = (
					"$(inherited)",
					"@executable_path/Frameworks",
					"@loader_path/Frameworks",
				);
				PRODUCT_BUNDLE_IDENTIFIER = EHI.WaterAlgorithmDemoTests;
				PRODUCT_NAME = "$(TARGET_NAME)";
				SWIFT_VERSION = 5.0;
				TARGETED_DEVICE_FAMILY = "1,2";
				TEST_HOST = "$(BUILT_PRODUCTS_DIR)/WaterAlgorithmDemo.app/WaterAlgorithmDemo";
			};
			name = Release;
		};
		9D7C888125EF1B2800622DA1 /* Debug */ = {
			isa = XCBuildConfiguration;
			buildSettings = {
				ALWAYS_EMBED_SWIFT_STANDARD_LIBRARIES = YES;
				CODE_SIGN_STYLE = Automatic;
				DEVELOPMENT_TEAM = 5823RW6H9P;
				INFOPLIST_FILE = WaterAlgorithmDemoUITests/Info.plist;
				LD_RUNPATH_SEARCH_PATHS = (
					"$(inherited)",
					"@executable_path/Frameworks",
					"@loader_path/Frameworks",
				);
				PRODUCT_BUNDLE_IDENTIFIER = EHI.WaterAlgorithmDemoUITests;
				PRODUCT_NAME = "$(TARGET_NAME)";
				SWIFT_VERSION = 5.0;
				TARGETED_DEVICE_FAMILY = "1,2";
				TEST_TARGET_NAME = WaterAlgorithmDemo;
			};
			name = Debug;
		};
		9D7C888225EF1B2800622DA1 /* Release */ = {
			isa = XCBuildConfiguration;
			buildSettings = {
				ALWAYS_EMBED_SWIFT_STANDARD_LIBRARIES = YES;
				CODE_SIGN_STYLE = Automatic;
				DEVELOPMENT_TEAM = 5823RW6H9P;
				INFOPLIST_FILE = WaterAlgorithmDemoUITests/Info.plist;
				LD_RUNPATH_SEARCH_PATHS = (
					"$(inherited)",
					"@executable_path/Frameworks",
					"@loader_path/Frameworks",
				);
				PRODUCT_BUNDLE_IDENTIFIER = EHI.WaterAlgorithmDemoUITests;
				PRODUCT_NAME = "$(TARGET_NAME)";
				SWIFT_VERSION = 5.0;
				TARGETED_DEVICE_FAMILY = "1,2";
				TEST_TARGET_NAME = WaterAlgorithmDemo;
			};
			name = Release;
		};
/* End XCBuildConfiguration section */

/* Begin XCConfigurationList section */
		9D7C884B25EF1B2600622DA1 /* Build configuration list for PBXProject "WaterAlgorithmDemo" */ = {
			isa = XCConfigurationList;
			buildConfigurations = (
				9D7C887825EF1B2800622DA1 /* Debug */,
				9D7C887925EF1B2800622DA1 /* Release */,
			);
			defaultConfigurationIsVisible = 0;
			defaultConfigurationName = Release;
		};
		9D7C887A25EF1B2800622DA1 /* Build configuration list for PBXNativeTarget "WaterAlgorithmDemo" */ = {
			isa = XCConfigurationList;
			buildConfigurations = (
				9D7C887B25EF1B2800622DA1 /* Debug */,
				9D7C887C25EF1B2800622DA1 /* Release */,
			);
			defaultConfigurationIsVisible = 0;
			defaultConfigurationName = Release;
		};
		9D7C887D25EF1B2800622DA1 /* Build configuration list for PBXNativeTarget "WaterAlgorithmDemoTests" */ = {
			isa = XCConfigurationList;
			buildConfigurations = (
				9D7C887E25EF1B2800622DA1 /* Debug */,
				9D7C887F25EF1B2800622DA1 /* Release */,
			);
			defaultConfigurationIsVisible = 0;
			defaultConfigurationName = Release;
		};
		9D7C888025EF1B2800622DA1 /* Build configuration list for PBXNativeTarget "WaterAlgorithmDemoUITests" */ = {
			isa = XCConfigurationList;
			buildConfigurations = (
				9D7C888125EF1B2800622DA1 /* Debug */,
				9D7C888225EF1B2800622DA1 /* Release */,
			);
			defaultConfigurationIsVisible = 0;
			defaultConfigurationName = Release;
		};
/* End XCConfigurationList section */
	};
	rootObject = 9D7C884825EF1B2600622DA1 /* Project object */;
}
